{"is_source_file": false, "format": "", "description": "", "external_files": [], "external_methods": [], "published": [], "classes": [], "methods": [], "calls": [], "search-terms": [], "state": 2, "file_id": 1, "knowledge_revision": 19, "git_revision": "a7d050d2ece7b7b2924c46d8fc592dd5ab546ef6", "hash": "9c4ed7ef73e22b872b8055bec08b8979", "format-version": 4, "code-base-name": "default", "filename": "quicknote_main/post_process_status.lock", "revision_history": [{"19": "a7d050d2ece7b7b2924c46d8fc592dd5ab546ef6"}]}